
Microsoft Visual Studio Solution File, Format Version 12.00
# Visual Studio Version 17
VisualStudioVersion = 17.9.34622.214
MinimumVisualStudioVersion = 10.0.40219.1
Project("{9A19103F-16F7-4668-BE54-9A1E7A4F7556}") = "MovieMate", "MovieMate\MovieMate.csproj", "{1466E088-346C-4005-B383-9E3AE600EDB7}"
EndProject
Project("{FAE04EC0-301F-11D3-BF4B-00C04F79EFBC}") = "MovieMateTest", "MovieMateTest\MovieMateTest.csproj", "{D175911B-97DE-48A7-AD54-F11501D7FAB7}"
EndProject
Global
	GlobalSection(SolutionConfigurationPlatforms) = preSolution
		Debug|Any CPU = Debug|Any CPU
		Release|Any CPU = Release|Any CPU
	EndGlobalSection
	GlobalSection(ProjectConfigurationPlatforms) = postSolution
		{1466E088-346C-4005-B383-9E3AE600EDB7}.Debug|Any CPU.ActiveCfg = Debug|Any CPU
		{1466E088-346C-4005-B383-9E3AE600EDB7}.Debug|Any CPU.Build.0 = Debug|Any CPU
		{1466E088-346C-4005-B383-9E3AE600EDB7}.Release|Any CPU.ActiveCfg = Release|Any CPU
		{1466E088-346C-4005-B383-9E3AE600EDB7}.Release|Any CPU.Build.0 = Release|Any CPU
		{D175911B-97DE-48A7-AD54-F11501D7FAB7}.Debug|Any CPU.ActiveCfg = Debug|Any CPU
		{D175911B-97DE-48A7-AD54-F11501D7FAB7}.Debug|Any CPU.Build.0 = Debug|Any CPU
		{D175911B-97DE-48A7-AD54-F11501D7FAB7}.Release|Any CPU.ActiveCfg = Release|Any CPU
		{D175911B-97DE-48A7-AD54-F11501D7FAB7}.Release|Any CPU.Build.0 = Release|Any CPU
	EndGlobalSection
	GlobalSection(SolutionProperties) = preSolution
		HideSolutionNode = FALSE
	EndGlobalSection
	GlobalSection(ExtensibilityGlobals) = postSolution
		SolutionGuid = {57BEEC1F-08AD-4791-94DA-0A5A2BBC90F0}
	EndGlobalSection
EndGlobal
